{
  "name": "internjobs-graph-api",
  "version": "1.0.0",
  "lockfileVersion": 3,
  "requires": true,
  "packages": {
    "": {
      "name": "internjobs-graph-api",
      "version": "1.0.0",
      "dependencies": {
        "@hono/node-server": "^1.13.0",
        "falkordb": "6.6.2",
        "hono": "^4.6.0"
      }
    },
    "node_modules/@hono/node-server": {
      "version": "1.19.14",
      "resolved": "https://registry.npmjs.org/@hono/node-server/-/node-server-1.19.14.tgz",
      "integrity": "sha512-GwtvgtXxnWsucXvbQXkRgqksiH2Qed37H9xHZocE5sA3N8O8O8/8FA3uclQXxXVzc9XBZuEOMK7+r02FmSpHtw==",
      "license": "MIT",
      "engines": {
        "node": ">=18.14.1"
      },
      "peerDependencies": {
        "hono": "^4"
      }
    },
    "node_modules/@js-temporal/polyfill": {
      "version": "0.5.1",
      "resolved": "https://registry.npmjs.org/@js-temporal/polyfill/-/polyfill-0.5.1.tgz",
      "integrity": "sha512-hloP58zRVCRSpgDxmqCWJNlizAlUgJFqG2ypq79DCvyv9tHjRYMDOcPFjzfl/A1/YxDvRCZz8wvZvmapQnKwFQ==",
      "license": "ISC",
      "dependencies": {
        "jsbi": "^4.3.0"
      },
      "engines": {
        "node": ">=12"
      }
    },
    "node_modules/@redis/bloom": {
      "version": "5.12.1",
      "resolved": "https://registry.npmjs.org/@redis/bloom/-/bloom-5.12.1.tgz",
      "integrity": "sha512-PUUfv+ms7jgPSBVoo/DN4AkPHj4D5TZSd6SbJX7egzBplkYUcKmHRE8RKia7UtZ8bSQbLguLvxVO+asKtQfZWA==",
      "license": "MIT",
      "engines": {
        "node": ">= 18.19.0"
      },
      "peerDependencies": {
        "@redis/client": "^5.12.1"
      }
    },
    "node_modules/@redis/client": {
      "version": "5.12.1",
      "resolved": "https://registry.npmjs.org/@redis/client/-/client-5.12.1.tgz",
      "integrity": "sha512-7aPGWeqA3uFm43o19umzdl16CEjK/JQGtSXVPevplTaOU3VJA/rseBC1QvYUz9lLDIMBimc4SW/zrW4S89BaCA==",
      "license": "MIT",
      "dependencies": {
        "cluster-key-slot": "1.1.2"
      },
      "engines": {
        "node": ">= 18.19.0"
      },
      "peerDependencies": {
        "@node-rs/xxhash": "^1.1.0",
        "@opentelemetry/api": ">=1 <2"
      },
      "peerDependenciesMeta": {
        "@node-rs/xxhash": {
          "optional": true
        },
        "@opentelemetry/api": {
          "optional": true
        }
      }
    },
    "node_modules/@redis/json": {
      "version": "5.12.1",
      "resolved": "https://registry.npmjs.org/@redis/json/-/json-5.12.1.tgz",
      "integrity": "sha512-eOze75esLve4vfqDel7aMX08CNaiLLQS2fV8mpRN9NxPe1rVR4vQyYiW/OgtGUysF6QOr9ANhfxABKNOJfXdKg==",
      "license": "MIT",
      "engines": {
        "node": ">= 18.19.0"
      },
      "peerDependencies": {
        "@redis/client": "^5.12.1"
      }
    },
    "node_modules/@redis/search": {
      "version": "5.12.1",
      "resolved": "https://registry.npmjs.org/@redis/search/-/search-5.12.1.tgz",
      "integrity": "sha512-ItlxbxC9cKI6IU1TLWoczwJCRb6TdmkEpWv05UrPawqaAnWGRu3rcIqsc5vN483T2fSociuyV1UkWIL5I4//2w==",
      "license": "MIT",
      "engines": {
        "node": ">= 18.19.0"
      },
      "peerDependencies": {
        "@redis/client": "^5.12.1"
      }
    },
    "node_modules/@redis/time-series": {
      "version": "5.12.1",
      "resolved": "https://registry.npmjs.org/@redis/time-series/-/time-series-5.12.1.tgz",
      "integrity": "sha512-c6JL6E3EcZJuNqKFz+KM+l9l5mpcQiKvTwgA3blt5glWJ8hjDk0yeHN3beE/MpqYIQ8UEX44ItQzgkE/gCBELQ==",
      "license": "MIT",
      "engines": {
        "node": ">= 18.19.0"
      },
      "peerDependencies": {
        "@redis/client": "^5.12.1"
      }
    },
    "node_modules/cluster-key-slot": {
      "version": "1.1.2",
      "resolved": "https://registry.npmjs.org/cluster-key-slot/-/cluster-key-slot-1.1.2.tgz",
      "integrity": "sha512-RMr0FhtfXemyinomL4hrWcYJxmX6deFdCxpJzhDttxgO1+bcCnkk+9drydLVDmAMG7NE6aN/fl4F7ucU/90gAA==",
      "license": "Apache-2.0",
      "engines": {
        "node": ">=0.10.0"
      }
    },
    "node_modules/falkordb": {
      "version": "6.6.2",
      "resolved": "https://registry.npmjs.org/falkordb/-/falkordb-6.6.2.tgz",
      "integrity": "sha512-f1LUKA7DGXNUbdRQlB22UQdwRO3WHiXrAzKLNsKyvjLSVH3MTl2qcA+6w2juosPBV6sJiX9okBwbXSXlIHiXFA==",
      "license": "MIT",
      "workspaces": [
        "./packages/*"
      ],
      "dependencies": {
        "@js-temporal/polyfill": "^0.5.1",
        "@redis/client": "^5.10.0",
        "cluster-key-slot": "1.1.2",
        "generic-pool": "^3.9.0",
        "lodash": "^4.17.21",
        "redis": "^5.10.0"
      },
      "engines": {
        "node": ">=20.0.0"
      }
    },
    "node_modules/generic-pool": {
      "version": "3.9.0",
      "resolved": "https://registry.npmjs.org/generic-pool/-/generic-pool-3.9.0.tgz",
      "integrity": "sha512-hymDOu5B53XvN4QT9dBmZxPX4CWhBPPLguTZ9MMFeFa/Kg0xWVfylOVNlJji/E7yTZWFd/q9GO5TxDLq156D7g==",
      "license": "MIT",
      "engines": {
        "node": ">= 4"
      }
    },
    "node_modules/hono": {
      "version": "4.12.21",
      "resolved": "https://registry.npmjs.org/hono/-/hono-4.12.21.tgz",
      "integrity": "sha512-uV63apnb0kyPtAUwoWgaGh9HyIFcv8lgmzPZSiTBQAFOFGIzka5EZ1dZocmGnn0XdX0+XTqJ6Tqv7selMuGLRQ==",
      "license": "MIT",
      "engines": {
        "node": ">=16.9.0"
      }
    },
    "node_modules/jsbi": {
      "version": "4.3.2",
      "resolved": "https://registry.npmjs.org/jsbi/-/jsbi-4.3.2.tgz",
      "integrity": "sha512-9fqMSQbhJykSeii05nxKl4m6Eqn2P6rOlYiS+C5Dr/HPIU/7yZxu5qzbs40tgaFORiw2Amd0mirjxatXYMkIew==",
      "license": "Apache-2.0"
    },
    "node_modules/lodash": {
      "version": "4.18.1",
      "resolved": "https://registry.npmjs.org/lodash/-/lodash-4.18.1.tgz",
      "integrity": "sha512-dMInicTPVE8d1e5otfwmmjlxkZoUpiVLwyeTdUsi/Caj/gfzzblBcCE5sRHV/AsjuCmxWrte2TNGSYuCeCq+0Q==",
      "license": "MIT"
    },
    "node_modules/redis": {
      "version": "5.12.1",
      "resolved": "https://registry.npmjs.org/redis/-/redis-5.12.1.tgz",
      "integrity": "sha512-LDsoVvb/CpoV9EN3FXvgvSHNJWuCIzl9MiO3ppOevuGLpSGJhwfQjpEwfFJcQvNSddHADDdZaWx0HnmMxRXG7g==",
      "license": "MIT",
      "dependencies": {
        "@redis/bloom": "5.12.1",
        "@redis/client": "5.12.1",
        "@redis/json": "5.12.1",
        "@redis/search": "5.12.1",
        "@redis/time-series": "5.12.1"
      },
      "engines": {
        "node": ">= 18.19.0"
      }
    }
  }
}
